
Microsoft Visual Studio Solution File, Format Version 12.00
# Visual Studio Version 16
VisualStudioVersion = 16.0.29324.140
MinimumVisualStudioVersion = 10.0.40219.1
Project("{9A19103F-16F7-4668-BE54-9A1E7A4F7556}") = "Common", "Common\Common.csproj", "{3996215C-17B6-446A-8CB9-0EE5FDB607A4}"
EndProject
Project("{2150E333-8FDC-42A3-9474-1A3956D46DE8}") = "Shared", "Shared", "{223E04CB-451C-4F35-A347-F49020661227}"
EndProject
Project("{2150E333-8FDC-42A3-9474-1A3956D46DE8}") = "04-Data Storage", "04-Data Storage", "{AD2A3632-5FF2-4ADB-B829-BECF475FBAF4}"
EndProject
Project("{9A19103F-16F7-4668-BE54-9A1E7A4F7556}") = "People.Service", "People.Service\People.Service.csproj", "{F12B9871-8599-4BA7-A0CC-C25EF1C4EE77}"
EndProject
Project("{2150E333-8FDC-42A3-9474-1A3956D46DE8}") = "03-Data Access", "03-Data Access", "{3A094FBC-A45F-4BFC-AAFD-D1FC6CA20461}"
EndProject
Project("{9A19103F-16F7-4668-BE54-9A1E7A4F7556}") = "PersonReader.Service", "PersonReader.Service\PersonReader.Service.csproj", "{7102886E-E89C-46E8-801B-4A87EFAA70AD}"
EndProject
Project("{2150E333-8FDC-42A3-9474-1A3956D46DE8}") = "02-Presentation", "02-Presentation", "{02571869-22F1-42D3-B655-B5358E09B793}"
EndProject
Project("{9A19103F-16F7-4668-BE54-9A1E7A4F7556}") = "PeopleViewer.Presentation", "PeopleViewer.Presentation\PeopleViewer.Presentation.csproj", "{C5C0C88B-1FF4-478D-B2A4-ECAAE141D7E0}"
EndProject
Project("{2150E333-8FDC-42A3-9474-1A3956D46DE8}") = "01-Application View", "01-Application View", "{2E32AC25-4B53-4BCD-902A-1EE9141B4A82}"
EndProject
Project("{9A19103F-16F7-4668-BE54-9A1E7A4F7556}") = "PeopleViewer", "PeopleViewer\PeopleViewer.csproj", "{D11C3312-3060-4327-9EDA-50863862A098}"
EndProject
Project("{9A19103F-16F7-4668-BE54-9A1E7A4F7556}") = "PersonReader.CSV", "PersonReader.CSV\PersonReader.CSV.csproj", "{AFE97D91-0DDC-407D-B40F-1AB1319818D2}"
EndProject
Project("{9A19103F-16F7-4668-BE54-9A1E7A4F7556}") = "PeopleViewer.Ninject", "PeopleViewer.Ninject\PeopleViewer.Ninject.csproj", "{2C6B2409-C274-4705-B121-28CB2D9E7173}"
EndProject
Project("{2150E333-8FDC-42A3-9474-1A3956D46DE8}") = "Testing", "Testing", "{16ACE8F7-75C3-4170-9308-3E7DECADE341}"
EndProject
Project("{9A19103F-16F7-4668-BE54-9A1E7A4F7556}") = "PeopleViewer.Presentation.Tests", "PeopleViewer.Presentation.Tests\PeopleViewer.Presentation.Tests.csproj", "{24777377-2E1B-4285-8E8F-1BCD198CE222}"
EndProject
Project("{9A19103F-16F7-4668-BE54-9A1E7A4F7556}") = "PersonReader.CSV.Tests", "PersonReader.CSV.Tests\PersonReader.CSV.Tests.csproj", "{FDB040B0-584D-491A-A6A0-AE3E1D430144}"
EndProject
Project("{FAE04EC0-301F-11D3-BF4B-00C04F79EFBC}") = "PersonReader.Decorators", "PersonReader.Decorators\PersonReader.Decorators.csproj", "{695710CE-F7C0-4903-94DA-0D74895C9357}"
EndProject
Project("{FAE04EC0-301F-11D3-BF4B-00C04F79EFBC}") = "PeopleViewer.Logging", "PeopleViewer.Logging\PeopleViewer.Logging.csproj", "{FF151489-EA15-4999-96C6-FD101E500143}"
EndProject
Project("{FAE04EC0-301F-11D3-BF4B-00C04F79EFBC}") = "PersonReader.SQL", "PersonReader.SQL\PersonReader.SQL.csproj", "{60D328AD-D118-49A4-BA1F-5CB7D678D557}"
EndProject
Global
	GlobalSection(SolutionConfigurationPlatforms) = preSolution
		Debug|Any CPU = Debug|Any CPU
		Release|Any CPU = Release|Any CPU
	EndGlobalSection
	GlobalSection(ProjectConfigurationPlatforms) = postSolution
		{3996215C-17B6-446A-8CB9-0EE5FDB607A4}.Debug|Any CPU.ActiveCfg = Debug|Any CPU
		{3996215C-17B6-446A-8CB9-0EE5FDB607A4}.Debug|Any CPU.Build.0 = Debug|Any CPU
		{3996215C-17B6-446A-8CB9-0EE5FDB607A4}.Release|Any CPU.ActiveCfg = Release|Any CPU
		{3996215C-17B6-446A-8CB9-0EE5FDB607A4}.Release|Any CPU.Build.0 = Release|Any CPU
		{F12B9871-8599-4BA7-A0CC-C25EF1C4EE77}.Debug|Any CPU.ActiveCfg = Debug|Any CPU
		{F12B9871-8599-4BA7-A0CC-C25EF1C4EE77}.Debug|Any CPU.Build.0 = Debug|Any CPU
		{F12B9871-8599-4BA7-A0CC-C25EF1C4EE77}.Release|Any CPU.ActiveCfg = Release|Any CPU
		{F12B9871-8599-4BA7-A0CC-C25EF1C4EE77}.Release|Any CPU.Build.0 = Release|Any CPU
		{7102886E-E89C-46E8-801B-4A87EFAA70AD}.Debug|Any CPU.ActiveCfg = Debug|Any CPU
		{7102886E-E89C-46E8-801B-4A87EFAA70AD}.Debug|Any CPU.Build.0 = Debug|Any CPU
		{7102886E-E89C-46E8-801B-4A87EFAA70AD}.Release|Any CPU.ActiveCfg = Release|Any CPU
		{7102886E-E89C-46E8-801B-4A87EFAA70AD}.Release|Any CPU.Build.0 = Release|Any CPU
		{C5C0C88B-1FF4-478D-B2A4-ECAAE141D7E0}.Debug|Any CPU.ActiveCfg = Debug|Any CPU
		{C5C0C88B-1FF4-478D-B2A4-ECAAE141D7E0}.Debug|Any CPU.Build.0 = Debug|Any CPU
		{C5C0C88B-1FF4-478D-B2A4-ECAAE141D7E0}.Release|Any CPU.ActiveCfg = Release|Any CPU
		{C5C0C88B-1FF4-478D-B2A4-ECAAE141D7E0}.Release|Any CPU.Build.0 = Release|Any CPU
		{D11C3312-3060-4327-9EDA-50863862A098}.Debug|Any CPU.ActiveCfg = Debug|Any CPU
		{D11C3312-3060-4327-9EDA-50863862A098}.Debug|Any CPU.Build.0 = Debug|Any CPU
		{D11C3312-3060-4327-9EDA-50863862A098}.Release|Any CPU.ActiveCfg = Release|Any CPU
		{D11C3312-3060-4327-9EDA-50863862A098}.Release|Any CPU.Build.0 = Release|Any CPU
		{AFE97D91-0DDC-407D-B40F-1AB1319818D2}.Debug|Any CPU.ActiveCfg = Debug|Any CPU
		{AFE97D91-0DDC-407D-B40F-1AB1319818D2}.Debug|Any CPU.Build.0 = Debug|Any CPU
		{AFE97D91-0DDC-407D-B40F-1AB1319818D2}.Release|Any CPU.ActiveCfg = Release|Any CPU
		{AFE97D91-0DDC-407D-B40F-1AB1319818D2}.Release|Any CPU.Build.0 = Release|Any CPU
		{2C6B2409-C274-4705-B121-28CB2D9E7173}.Debug|Any CPU.ActiveCfg = Debug|Any CPU
		{2C6B2409-C274-4705-B121-28CB2D9E7173}.Debug|Any CPU.Build.0 = Debug|Any CPU
		{2C6B2409-C274-4705-B121-28CB2D9E7173}.Release|Any CPU.ActiveCfg = Release|Any CPU
		{2C6B2409-C274-4705-B121-28CB2D9E7173}.Release|Any CPU.Build.0 = Release|Any CPU
		{24777377-2E1B-4285-8E8F-1BCD198CE222}.Debug|Any CPU.ActiveCfg = Debug|Any CPU
		{24777377-2E1B-4285-8E8F-1BCD198CE222}.Debug|Any CPU.Build.0 = Debug|Any CPU
		{24777377-2E1B-4285-8E8F-1BCD198CE222}.Release|Any CPU.ActiveCfg = Release|Any CPU
		{24777377-2E1B-4285-8E8F-1BCD198CE222}.Release|Any CPU.Build.0 = Release|Any CPU
		{FDB040B0-584D-491A-A6A0-AE3E1D430144}.Debug|Any CPU.ActiveCfg = Debug|Any CPU
		{FDB040B0-584D-491A-A6A0-AE3E1D430144}.Debug|Any CPU.Build.0 = Debug|Any CPU
		{FDB040B0-584D-491A-A6A0-AE3E1D430144}.Release|Any CPU.ActiveCfg = Release|Any CPU
		{FDB040B0-584D-491A-A6A0-AE3E1D430144}.Release|Any CPU.Build.0 = Release|Any CPU
		{695710CE-F7C0-4903-94DA-0D74895C9357}.Debug|Any CPU.ActiveCfg = Debug|Any CPU
		{695710CE-F7C0-4903-94DA-0D74895C9357}.Debug|Any CPU.Build.0 = Debug|Any CPU
		{695710CE-F7C0-4903-94DA-0D74895C9357}.Release|Any CPU.ActiveCfg = Release|Any CPU
		{695710CE-F7C0-4903-94DA-0D74895C9357}.Release|Any CPU.Build.0 = Release|Any CPU
		{FF151489-EA15-4999-96C6-FD101E500143}.Debug|Any CPU.ActiveCfg = Debug|Any CPU
		{FF151489-EA15-4999-96C6-FD101E500143}.Debug|Any CPU.Build.0 = Debug|Any CPU
		{FF151489-EA15-4999-96C6-FD101E500143}.Release|Any CPU.ActiveCfg = Release|Any CPU
		{FF151489-EA15-4999-96C6-FD101E500143}.Release|Any CPU.Build.0 = Release|Any CPU
		{60D328AD-D118-49A4-BA1F-5CB7D678D557}.Debug|Any CPU.ActiveCfg = Debug|Any CPU
		{60D328AD-D118-49A4-BA1F-5CB7D678D557}.Debug|Any CPU.Build.0 = Debug|Any CPU
		{60D328AD-D118-49A4-BA1F-5CB7D678D557}.Release|Any CPU.ActiveCfg = Release|Any CPU
		{60D328AD-D118-49A4-BA1F-5CB7D678D557}.Release|Any CPU.Build.0 = Release|Any CPU
	EndGlobalSection
	GlobalSection(SolutionProperties) = preSolution
		HideSolutionNode = FALSE
	EndGlobalSection
	GlobalSection(NestedProjects) = preSolution
		{3996215C-17B6-446A-8CB9-0EE5FDB607A4} = {223E04CB-451C-4F35-A347-F49020661227}
		{F12B9871-8599-4BA7-A0CC-C25EF1C4EE77} = {AD2A3632-5FF2-4ADB-B829-BECF475FBAF4}
		{7102886E-E89C-46E8-801B-4A87EFAA70AD} = {3A094FBC-A45F-4BFC-AAFD-D1FC6CA20461}
		{C5C0C88B-1FF4-478D-B2A4-ECAAE141D7E0} = {02571869-22F1-42D3-B655-B5358E09B793}
		{D11C3312-3060-4327-9EDA-50863862A098} = {2E32AC25-4B53-4BCD-902A-1EE9141B4A82}
		{AFE97D91-0DDC-407D-B40F-1AB1319818D2} = {3A094FBC-A45F-4BFC-AAFD-D1FC6CA20461}
		{2C6B2409-C274-4705-B121-28CB2D9E7173} = {2E32AC25-4B53-4BCD-902A-1EE9141B4A82}
		{24777377-2E1B-4285-8E8F-1BCD198CE222} = {16ACE8F7-75C3-4170-9308-3E7DECADE341}
		{FDB040B0-584D-491A-A6A0-AE3E1D430144} = {16ACE8F7-75C3-4170-9308-3E7DECADE341}
		{695710CE-F7C0-4903-94DA-0D74895C9357} = {3A094FBC-A45F-4BFC-AAFD-D1FC6CA20461}
		{FF151489-EA15-4999-96C6-FD101E500143} = {223E04CB-451C-4F35-A347-F49020661227}
		{60D328AD-D118-49A4-BA1F-5CB7D678D557} = {3A094FBC-A45F-4BFC-AAFD-D1FC6CA20461}
	EndGlobalSection
	GlobalSection(ExtensibilityGlobals) = postSolution
		SolutionGuid = {E1E2258C-B32C-438F-9055-8CF1C9595116}
	EndGlobalSection
EndGlobal
