
Microsoft Visual Studio Solution File, Format Version 12.00
# Visual Studio 15
VisualStudioVersion = 15.0.26124.0
MinimumVisualStudioVersion = 15.0.26124.0
Project("{FAE04EC0-301F-11D3-BF4B-00C04F79EFBC}") = "PeopleApplication", "PeopleApplication\PeopleApplication.csproj", "{4D6AA917-519C-48BF-9F19-F81F7F5F5B73}"
EndProject
Project("{FAE04EC0-301F-11D3-BF4B-00C04F79EFBC}") = "PeopleLibrary", "PeopleLibrary\PeopleLibrary.csproj", "{284ED8CB-4A52-49B0-A169-63A9B7E7A7A9}"
EndProject
Global
	GlobalSection(SolutionConfigurationPlatforms) = preSolution
		Debug|Any CPU = Debug|Any CPU
		Debug|x64 = Debug|x64
		Debug|x86 = Debug|x86
		Release|Any CPU = Release|Any CPU
		Release|x64 = Release|x64
		Release|x86 = Release|x86
	EndGlobalSection
	GlobalSection(SolutionProperties) = preSolution
		HideSolutionNode = FALSE
	EndGlobalSection
	GlobalSection(ProjectConfigurationPlatforms) = postSolution
		{4D6AA917-519C-48BF-9F19-F81F7F5F5B73}.Debug|Any CPU.ActiveCfg = Debug|Any CPU
		{4D6AA917-519C-48BF-9F19-F81F7F5F5B73}.Debug|Any CPU.Build.0 = Debug|Any CPU
		{4D6AA917-519C-48BF-9F19-F81F7F5F5B73}.Debug|x64.ActiveCfg = Debug|Any CPU
		{4D6AA917-519C-48BF-9F19-F81F7F5F5B73}.Debug|x64.Build.0 = Debug|Any CPU
		{4D6AA917-519C-48BF-9F19-F81F7F5F5B73}.Debug|x86.ActiveCfg = Debug|Any CPU
		{4D6AA917-519C-48BF-9F19-F81F7F5F5B73}.Debug|x86.Build.0 = Debug|Any CPU
		{4D6AA917-519C-48BF-9F19-F81F7F5F5B73}.Release|Any CPU.ActiveCfg = Release|Any CPU
		{4D6AA917-519C-48BF-9F19-F81F7F5F5B73}.Release|Any CPU.Build.0 = Release|Any CPU
		{4D6AA917-519C-48BF-9F19-F81F7F5F5B73}.Release|x64.ActiveCfg = Release|Any CPU
		{4D6AA917-519C-48BF-9F19-F81F7F5F5B73}.Release|x64.Build.0 = Release|Any CPU
		{4D6AA917-519C-48BF-9F19-F81F7F5F5B73}.Release|x86.ActiveCfg = Release|Any CPU
		{4D6AA917-519C-48BF-9F19-F81F7F5F5B73}.Release|x86.Build.0 = Release|Any CPU
		{284ED8CB-4A52-49B0-A169-63A9B7E7A7A9}.Debug|Any CPU.ActiveCfg = Debug|Any CPU
		{284ED8CB-4A52-49B0-A169-63A9B7E7A7A9}.Debug|Any CPU.Build.0 = Debug|Any CPU
		{284ED8CB-4A52-49B0-A169-63A9B7E7A7A9}.Debug|x64.ActiveCfg = Debug|Any CPU
		{284ED8CB-4A52-49B0-A169-63A9B7E7A7A9}.Debug|x64.Build.0 = Debug|Any CPU
		{284ED8CB-4A52-49B0-A169-63A9B7E7A7A9}.Debug|x86.ActiveCfg = Debug|Any CPU
		{284ED8CB-4A52-49B0-A169-63A9B7E7A7A9}.Debug|x86.Build.0 = Debug|Any CPU
		{284ED8CB-4A52-49B0-A169-63A9B7E7A7A9}.Release|Any CPU.ActiveCfg = Release|Any CPU
		{284ED8CB-4A52-49B0-A169-63A9B7E7A7A9}.Release|Any CPU.Build.0 = Release|Any CPU
		{284ED8CB-4A52-49B0-A169-63A9B7E7A7A9}.Release|x64.ActiveCfg = Release|Any CPU
		{284ED8CB-4A52-49B0-A169-63A9B7E7A7A9}.Release|x64.Build.0 = Release|Any CPU
		{284ED8CB-4A52-49B0-A169-63A9B7E7A7A9}.Release|x86.ActiveCfg = Release|Any CPU
		{284ED8CB-4A52-49B0-A169-63A9B7E7A7A9}.Release|x86.Build.0 = Release|Any CPU
	EndGlobalSection
EndGlobal
