
Microsoft Visual Studio Solution File, Format Version 12.00
# Visual Studio 15
VisualStudioVersion = 15.0.26124.0
MinimumVisualStudioVersion = 15.0.26124.0
Project("{FAE04EC0-301F-11D3-BF4B-00C04F79EFBC}") = "Algorithms", "Algorithms\Algorithms.csproj", "{4ED01AC5-0ABB-4874-8DA3-4B3942DED053}"
EndProject
Project("{FAE04EC0-301F-11D3-BF4B-00C04F79EFBC}") = "DrawMaze", "DrawMaze\DrawMaze.csproj", "{0E2C53F1-9680-438A-BF08-F4FF5B6FEAE5}"
EndProject
Project("{FAE04EC0-301F-11D3-BF4B-00C04F79EFBC}") = "MazeGrid", "MazeGrid\MazeGrid.csproj", "{C94D8A6D-1921-4EEA-86C5-6B8AEA3C2C08}"
EndProject
Project("{FAE04EC0-301F-11D3-BF4B-00C04F79EFBC}") = "MazeGeneration", "MazeGeneration\MazeGeneration.csproj", "{F6EB3CDB-EED5-49E7-82EE-619A91D1CB6E}"
EndProject
Global
	GlobalSection(SolutionConfigurationPlatforms) = preSolution
		Debug|Any CPU = Debug|Any CPU
		Debug|x64 = Debug|x64
		Debug|x86 = Debug|x86
		Release|Any CPU = Release|Any CPU
		Release|x64 = Release|x64
		Release|x86 = Release|x86
	EndGlobalSection
	GlobalSection(SolutionProperties) = preSolution
		HideSolutionNode = FALSE
	EndGlobalSection
	GlobalSection(ProjectConfigurationPlatforms) = postSolution
		{4ED01AC5-0ABB-4874-8DA3-4B3942DED053}.Debug|Any CPU.ActiveCfg = Debug|Any CPU
		{4ED01AC5-0ABB-4874-8DA3-4B3942DED053}.Debug|Any CPU.Build.0 = Debug|Any CPU
		{4ED01AC5-0ABB-4874-8DA3-4B3942DED053}.Debug|x64.ActiveCfg = Debug|Any CPU
		{4ED01AC5-0ABB-4874-8DA3-4B3942DED053}.Debug|x64.Build.0 = Debug|Any CPU
		{4ED01AC5-0ABB-4874-8DA3-4B3942DED053}.Debug|x86.ActiveCfg = Debug|Any CPU
		{4ED01AC5-0ABB-4874-8DA3-4B3942DED053}.Debug|x86.Build.0 = Debug|Any CPU
		{4ED01AC5-0ABB-4874-8DA3-4B3942DED053}.Release|Any CPU.ActiveCfg = Release|Any CPU
		{4ED01AC5-0ABB-4874-8DA3-4B3942DED053}.Release|Any CPU.Build.0 = Release|Any CPU
		{4ED01AC5-0ABB-4874-8DA3-4B3942DED053}.Release|x64.ActiveCfg = Release|Any CPU
		{4ED01AC5-0ABB-4874-8DA3-4B3942DED053}.Release|x64.Build.0 = Release|Any CPU
		{4ED01AC5-0ABB-4874-8DA3-4B3942DED053}.Release|x86.ActiveCfg = Release|Any CPU
		{4ED01AC5-0ABB-4874-8DA3-4B3942DED053}.Release|x86.Build.0 = Release|Any CPU
		{0E2C53F1-9680-438A-BF08-F4FF5B6FEAE5}.Debug|Any CPU.ActiveCfg = Debug|Any CPU
		{0E2C53F1-9680-438A-BF08-F4FF5B6FEAE5}.Debug|Any CPU.Build.0 = Debug|Any CPU
		{0E2C53F1-9680-438A-BF08-F4FF5B6FEAE5}.Debug|x64.ActiveCfg = Debug|Any CPU
		{0E2C53F1-9680-438A-BF08-F4FF5B6FEAE5}.Debug|x64.Build.0 = Debug|Any CPU
		{0E2C53F1-9680-438A-BF08-F4FF5B6FEAE5}.Debug|x86.ActiveCfg = Debug|Any CPU
		{0E2C53F1-9680-438A-BF08-F4FF5B6FEAE5}.Debug|x86.Build.0 = Debug|Any CPU
		{0E2C53F1-9680-438A-BF08-F4FF5B6FEAE5}.Release|Any CPU.ActiveCfg = Release|Any CPU
		{0E2C53F1-9680-438A-BF08-F4FF5B6FEAE5}.Release|Any CPU.Build.0 = Release|Any CPU
		{0E2C53F1-9680-438A-BF08-F4FF5B6FEAE5}.Release|x64.ActiveCfg = Release|Any CPU
		{0E2C53F1-9680-438A-BF08-F4FF5B6FEAE5}.Release|x64.Build.0 = Release|Any CPU
		{0E2C53F1-9680-438A-BF08-F4FF5B6FEAE5}.Release|x86.ActiveCfg = Release|Any CPU
		{0E2C53F1-9680-438A-BF08-F4FF5B6FEAE5}.Release|x86.Build.0 = Release|Any CPU
		{C94D8A6D-1921-4EEA-86C5-6B8AEA3C2C08}.Debug|Any CPU.ActiveCfg = Debug|Any CPU
		{C94D8A6D-1921-4EEA-86C5-6B8AEA3C2C08}.Debug|Any CPU.Build.0 = Debug|Any CPU
		{C94D8A6D-1921-4EEA-86C5-6B8AEA3C2C08}.Debug|x64.ActiveCfg = Debug|Any CPU
		{C94D8A6D-1921-4EEA-86C5-6B8AEA3C2C08}.Debug|x64.Build.0 = Debug|Any CPU
		{C94D8A6D-1921-4EEA-86C5-6B8AEA3C2C08}.Debug|x86.ActiveCfg = Debug|Any CPU
		{C94D8A6D-1921-4EEA-86C5-6B8AEA3C2C08}.Debug|x86.Build.0 = Debug|Any CPU
		{C94D8A6D-1921-4EEA-86C5-6B8AEA3C2C08}.Release|Any CPU.ActiveCfg = Release|Any CPU
		{C94D8A6D-1921-4EEA-86C5-6B8AEA3C2C08}.Release|Any CPU.Build.0 = Release|Any CPU
		{C94D8A6D-1921-4EEA-86C5-6B8AEA3C2C08}.Release|x64.ActiveCfg = Release|Any CPU
		{C94D8A6D-1921-4EEA-86C5-6B8AEA3C2C08}.Release|x64.Build.0 = Release|Any CPU
		{C94D8A6D-1921-4EEA-86C5-6B8AEA3C2C08}.Release|x86.ActiveCfg = Release|Any CPU
		{C94D8A6D-1921-4EEA-86C5-6B8AEA3C2C08}.Release|x86.Build.0 = Release|Any CPU
		{F6EB3CDB-EED5-49E7-82EE-619A91D1CB6E}.Debug|Any CPU.ActiveCfg = Debug|Any CPU
		{F6EB3CDB-EED5-49E7-82EE-619A91D1CB6E}.Debug|Any CPU.Build.0 = Debug|Any CPU
		{F6EB3CDB-EED5-49E7-82EE-619A91D1CB6E}.Debug|x64.ActiveCfg = Debug|Any CPU
		{F6EB3CDB-EED5-49E7-82EE-619A91D1CB6E}.Debug|x64.Build.0 = Debug|Any CPU
		{F6EB3CDB-EED5-49E7-82EE-619A91D1CB6E}.Debug|x86.ActiveCfg = Debug|Any CPU
		{F6EB3CDB-EED5-49E7-82EE-619A91D1CB6E}.Debug|x86.Build.0 = Debug|Any CPU
		{F6EB3CDB-EED5-49E7-82EE-619A91D1CB6E}.Release|Any CPU.ActiveCfg = Release|Any CPU
		{F6EB3CDB-EED5-49E7-82EE-619A91D1CB6E}.Release|Any CPU.Build.0 = Release|Any CPU
		{F6EB3CDB-EED5-49E7-82EE-619A91D1CB6E}.Release|x64.ActiveCfg = Release|Any CPU
		{F6EB3CDB-EED5-49E7-82EE-619A91D1CB6E}.Release|x64.Build.0 = Release|Any CPU
		{F6EB3CDB-EED5-49E7-82EE-619A91D1CB6E}.Release|x86.ActiveCfg = Release|Any CPU
		{F6EB3CDB-EED5-49E7-82EE-619A91D1CB6E}.Release|x86.Build.0 = Release|Any CPU
	EndGlobalSection
EndGlobal
